
Microsoft Visual Studio Solution File, Format Version 12.00
# Visual Studio Version 17
VisualStudioVersion = 17.8.34322.80
MinimumVisualStudioVersion = 10.0.40219.1
Project("{FAE04EC0-301F-11D3-BF4B-00C04F79EFBC}") = "Generic_Class", "Generic_Class\Generic_Class.csproj", "{8B35B2CD-6D6B-4690-A3BB-FAB06DD28CDF}"
EndProject
Global
	GlobalSection(SolutionConfigurationPlatforms) = preSolution
		Debug|Any CPU = Debug|Any CPU
		Release|Any CPU = Release|Any CPU
	EndGlobalSection
	GlobalSection(ProjectConfigurationPlatforms) = postSolution
		{8B35B2CD-6D6B-4690-A3BB-FAB06DD28CDF}.Debug|Any CPU.ActiveCfg = Debug|Any CPU
		{8B35B2CD-6D6B-4690-A3BB-FAB06DD28CDF}.Debug|Any CPU.Build.0 = Debug|Any CPU
		{8B35B2CD-6D6B-4690-A3BB-FAB06DD28CDF}.Release|Any CPU.ActiveCfg = Release|Any CPU
		{8B35B2CD-6D6B-4690-A3BB-FAB06DD28CDF}.Release|Any CPU.Build.0 = Release|Any CPU
	EndGlobalSection
	GlobalSection(SolutionProperties) = preSolution
		HideSolutionNode = FALSE
	EndGlobalSection
	GlobalSection(ExtensibilityGlobals) = postSolution
		SolutionGuid = {96BD88C8-7158-431B-9DE6-34F713AD2E9A}
	EndGlobalSection
EndGlobal
